
Microsoft Visual Studio Solution File, Format Version 12.00
# Visual Studio Version 17
VisualStudioVersion = 17.0.32002.185
MinimumVisualStudioVersion = 10.0.40219.1
Project("{FAE04EC0-301F-11D3-BF4B-00C04F79EFBC}") = "TemperatureCalculator", "TemperatureCalculator\TemperatureCalculator.csproj", "{EAB20EAE-46E5-43D0-B054-2F834F6BBEAE}"
EndProject
Global
	GlobalSection(SolutionConfigurationPlatforms) = preSolution
		Debug|Any CPU = Debug|Any CPU
		Release|Any CPU = Release|Any CPU
	EndGlobalSection
	GlobalSection(ProjectConfigurationPlatforms) = postSolution
		{EAB20EAE-46E5-43D0-B054-2F834F6BBEAE}.Debug|Any CPU.ActiveCfg = Debug|Any CPU
		{EAB20EAE-46E5-43D0-B054-2F834F6BBEAE}.Debug|Any CPU.Build.0 = Debug|Any CPU
		{EAB20EAE-46E5-43D0-B054-2F834F6BBEAE}.Release|Any CPU.ActiveCfg = Release|Any CPU
		{EAB20EAE-46E5-43D0-B054-2F834F6BBEAE}.Release|Any CPU.Build.0 = Release|Any CPU
	EndGlobalSection
	GlobalSection(SolutionProperties) = preSolution
		HideSolutionNode = FALSE
	EndGlobalSection
	GlobalSection(ExtensibilityGlobals) = postSolution
		SolutionGuid = {95979BE5-A17D-4D42-80E4-4E912CE401EF}
	EndGlobalSection
EndGlobal
